
Microsoft Visual Studio Solution File, Format Version 12.00
# Visual Studio Version 17
VisualStudioVersion = 17.9.34714.143
MinimumVisualStudioVersion = 10.0.40219.1
Project("{FAE04EC0-301F-11D3-BF4B-00C04F79EFBC}") = "comparacao_pis_cofins", "comparacao_pis_cofins\comparacao_pis_cofins.csproj", "{94580128-1890-4C69-97BE-73133E4624EB}"
EndProject
Global
	GlobalSection(SolutionConfigurationPlatforms) = preSolution
		Debug|Any CPU = Debug|Any CPU
		Release|Any CPU = Release|Any CPU
	EndGlobalSection
	GlobalSection(ProjectConfigurationPlatforms) = postSolution
		{94580128-1890-4C69-97BE-73133E4624EB}.Debug|Any CPU.ActiveCfg = Debug|Any CPU
		{94580128-1890-4C69-97BE-73133E4624EB}.Debug|Any CPU.Build.0 = Debug|Any CPU
		{94580128-1890-4C69-97BE-73133E4624EB}.Release|Any CPU.ActiveCfg = Release|Any CPU
		{94580128-1890-4C69-97BE-73133E4624EB}.Release|Any CPU.Build.0 = Release|Any CPU
	EndGlobalSection
	GlobalSection(SolutionProperties) = preSolution
		HideSolutionNode = FALSE
	EndGlobalSection
	GlobalSection(ExtensibilityGlobals) = postSolution
		SolutionGuid = {90BA146C-DC9A-45BF-819E-C5A88995DF07}
	EndGlobalSection
EndGlobal
